
Microsoft Visual Studio Solution File, Format Version 12.00
# Visual Studio Version 16
VisualStudioVersion = 16.0.32228.343
MinimumVisualStudioVersion = 10.0.40219.1
Project("{FAE04EC0-301F-11D3-BF4B-00C04F79EFBC}") = "MusicVideo_WebSite", "MusicVideo_WebSite\MusicVideo_WebSite.csproj", "{A7E5508A-B768-4745-B4E2-18B6CB841263}"
EndProject
Global
	GlobalSection(SolutionConfigurationPlatforms) = preSolution
		Debug|Any CPU = Debug|Any CPU
		Release|Any CPU = Release|Any CPU
	EndGlobalSection
	GlobalSection(ProjectConfigurationPlatforms) = postSolution
		{A7E5508A-B768-4745-B4E2-18B6CB841263}.Debug|Any CPU.ActiveCfg = Debug|Any CPU
		{A7E5508A-B768-4745-B4E2-18B6CB841263}.Debug|Any CPU.Build.0 = Debug|Any CPU
		{A7E5508A-B768-4745-B4E2-18B6CB841263}.Release|Any CPU.ActiveCfg = Release|Any CPU
		{A7E5508A-B768-4745-B4E2-18B6CB841263}.Release|Any CPU.Build.0 = Release|Any CPU
	EndGlobalSection
	GlobalSection(SolutionProperties) = preSolution
		HideSolutionNode = FALSE
	EndGlobalSection
	GlobalSection(ExtensibilityGlobals) = postSolution
		SolutionGuid = {8DC7A224-710E-4A60-89EF-996FEA3B2C5C}
	EndGlobalSection
EndGlobal
